
Microsoft Visual Studio Solution File, Format Version 12.00
# Visual Studio Version 17
VisualStudioVersion = 17.4.33213.308
MinimumVisualStudioVersion = 10.0.40219.1
Project("{FAE04EC0-301F-11D3-BF4B-00C04F79EFBC}") = "CICD_Practice", "CICD_Practice\CICD_Practice.csproj", "{913A6254-D5A8-4A15-8360-E5F4CE8A7376}"
EndProject
Project("{FAE04EC0-301F-11D3-BF4B-00C04F79EFBC}") = "Test", "Test\Test.csproj", "{D393AD9D-AB4B-4718-A1CB-367A901E1BB0}"
EndProject
Project("{C7167F0D-BC9F-4E6E-AFE1-012C56B48DB5}") = "Installer", "Installer\Installer.wapproj", "{4CFEFC3E-1D9A-4412-8C4A-288EF611DDAE}"
EndProject
Global
	GlobalSection(SolutionConfigurationPlatforms) = preSolution
		Debug|Any CPU = Debug|Any CPU
		Debug|ARM = Debug|ARM
		Debug|ARM64 = Debug|ARM64
		Debug|x64 = Debug|x64
		Debug|x86 = Debug|x86
		Release|Any CPU = Release|Any CPU
		Release|ARM = Release|ARM
		Release|ARM64 = Release|ARM64
		Release|x64 = Release|x64
		Release|x86 = Release|x86
	EndGlobalSection
	GlobalSection(ProjectConfigurationPlatforms) = postSolution
		{913A6254-D5A8-4A15-8360-E5F4CE8A7376}.Debug|Any CPU.ActiveCfg = Debug|Any CPU
		{913A6254-D5A8-4A15-8360-E5F4CE8A7376}.Debug|Any CPU.Build.0 = Debug|Any CPU
		{913A6254-D5A8-4A15-8360-E5F4CE8A7376}.Debug|ARM.ActiveCfg = Debug|Any CPU
		{913A6254-D5A8-4A15-8360-E5F4CE8A7376}.Debug|ARM.Build.0 = Debug|Any CPU
		{913A6254-D5A8-4A15-8360-E5F4CE8A7376}.Debug|ARM64.ActiveCfg = Debug|Any CPU
		{913A6254-D5A8-4A15-8360-E5F4CE8A7376}.Debug|ARM64.Build.0 = Debug|Any CPU
		{913A6254-D5A8-4A15-8360-E5F4CE8A7376}.Debug|x64.ActiveCfg = Debug|Any CPU
		{913A6254-D5A8-4A15-8360-E5F4CE8A7376}.Debug|x64.Build.0 = Debug|Any CPU
		{913A6254-D5A8-4A15-8360-E5F4CE8A7376}.Debug|x86.ActiveCfg = Debug|Any CPU
		{913A6254-D5A8-4A15-8360-E5F4CE8A7376}.Debug|x86.Build.0 = Debug|Any CPU
		{913A6254-D5A8-4A15-8360-E5F4CE8A7376}.Release|Any CPU.ActiveCfg = Release|Any CPU
		{913A6254-D5A8-4A15-8360-E5F4CE8A7376}.Release|Any CPU.Build.0 = Release|Any CPU
		{913A6254-D5A8-4A15-8360-E5F4CE8A7376}.Release|ARM.ActiveCfg = Release|Any CPU
		{913A6254-D5A8-4A15-8360-E5F4CE8A7376}.Release|ARM.Build.0 = Release|Any CPU
		{913A6254-D5A8-4A15-8360-E5F4CE8A7376}.Release|ARM64.ActiveCfg = Release|Any CPU
		{913A6254-D5A8-4A15-8360-E5F4CE8A7376}.Release|ARM64.Build.0 = Release|Any CPU
		{913A6254-D5A8-4A15-8360-E5F4CE8A7376}.Release|x64.ActiveCfg = Release|x64
		{913A6254-D5A8-4A15-8360-E5F4CE8A7376}.Release|x64.Build.0 = Release|x64
		{913A6254-D5A8-4A15-8360-E5F4CE8A7376}.Release|x86.ActiveCfg = Release|x86
		{913A6254-D5A8-4A15-8360-E5F4CE8A7376}.Release|x86.Build.0 = Release|x86
		{D393AD9D-AB4B-4718-A1CB-367A901E1BB0}.Debug|Any CPU.ActiveCfg = Debug|Any CPU
		{D393AD9D-AB4B-4718-A1CB-367A901E1BB0}.Debug|Any CPU.Build.0 = Debug|Any CPU
		{D393AD9D-AB4B-4718-A1CB-367A901E1BB0}.Debug|ARM.ActiveCfg = Debug|Any CPU
		{D393AD9D-AB4B-4718-A1CB-367A901E1BB0}.Debug|ARM.Build.0 = Debug|Any CPU
		{D393AD9D-AB4B-4718-A1CB-367A901E1BB0}.Debug|ARM64.ActiveCfg = Debug|Any CPU
		{D393AD9D-AB4B-4718-A1CB-367A901E1BB0}.Debug|ARM64.Build.0 = Debug|Any CPU
		{D393AD9D-AB4B-4718-A1CB-367A901E1BB0}.Debug|x64.ActiveCfg = Debug|Any CPU
		{D393AD9D-AB4B-4718-A1CB-367A901E1BB0}.Debug|x64.Build.0 = Debug|Any CPU
		{D393AD9D-AB4B-4718-A1CB-367A901E1BB0}.Debug|x86.ActiveCfg = Debug|Any CPU
		{D393AD9D-AB4B-4718-A1CB-367A901E1BB0}.Debug|x86.Build.0 = Debug|Any CPU
		{D393AD9D-AB4B-4718-A1CB-367A901E1BB0}.Release|Any CPU.ActiveCfg = Release|Any CPU
		{D393AD9D-AB4B-4718-A1CB-367A901E1BB0}.Release|Any CPU.Build.0 = Release|Any CPU
		{D393AD9D-AB4B-4718-A1CB-367A901E1BB0}.Release|ARM.ActiveCfg = Release|Any CPU
		{D393AD9D-AB4B-4718-A1CB-367A901E1BB0}.Release|ARM.Build.0 = Release|Any CPU
		{D393AD9D-AB4B-4718-A1CB-367A901E1BB0}.Release|ARM64.ActiveCfg = Release|Any CPU
		{D393AD9D-AB4B-4718-A1CB-367A901E1BB0}.Release|ARM64.Build.0 = Release|Any CPU
		{D393AD9D-AB4B-4718-A1CB-367A901E1BB0}.Release|x64.ActiveCfg = Release|x64
		{D393AD9D-AB4B-4718-A1CB-367A901E1BB0}.Release|x64.Build.0 = Release|x64
		{D393AD9D-AB4B-4718-A1CB-367A901E1BB0}.Release|x86.ActiveCfg = Release|x86
		{D393AD9D-AB4B-4718-A1CB-367A901E1BB0}.Release|x86.Build.0 = Release|x86
		{4CFEFC3E-1D9A-4412-8C4A-288EF611DDAE}.Debug|Any CPU.ActiveCfg = Debug|Any CPU
		{4CFEFC3E-1D9A-4412-8C4A-288EF611DDAE}.Debug|Any CPU.Build.0 = Debug|Any CPU
		{4CFEFC3E-1D9A-4412-8C4A-288EF611DDAE}.Debug|Any CPU.Deploy.0 = Debug|Any CPU
		{4CFEFC3E-1D9A-4412-8C4A-288EF611DDAE}.Debug|ARM.ActiveCfg = Debug|ARM
		{4CFEFC3E-1D9A-4412-8C4A-288EF611DDAE}.Debug|ARM.Build.0 = Debug|ARM
		{4CFEFC3E-1D9A-4412-8C4A-288EF611DDAE}.Debug|ARM.Deploy.0 = Debug|ARM
		{4CFEFC3E-1D9A-4412-8C4A-288EF611DDAE}.Debug|ARM64.ActiveCfg = Debug|ARM64
		{4CFEFC3E-1D9A-4412-8C4A-288EF611DDAE}.Debug|ARM64.Build.0 = Debug|ARM64
		{4CFEFC3E-1D9A-4412-8C4A-288EF611DDAE}.Debug|ARM64.Deploy.0 = Debug|ARM64
		{4CFEFC3E-1D9A-4412-8C4A-288EF611DDAE}.Debug|x64.ActiveCfg = Debug|x64
		{4CFEFC3E-1D9A-4412-8C4A-288EF611DDAE}.Debug|x64.Build.0 = Debug|x64
		{4CFEFC3E-1D9A-4412-8C4A-288EF611DDAE}.Debug|x64.Deploy.0 = Debug|x64
		{4CFEFC3E-1D9A-4412-8C4A-288EF611DDAE}.Debug|x86.ActiveCfg = Debug|x86
		{4CFEFC3E-1D9A-4412-8C4A-288EF611DDAE}.Debug|x86.Build.0 = Debug|x86
		{4CFEFC3E-1D9A-4412-8C4A-288EF611DDAE}.Debug|x86.Deploy.0 = Debug|x86
		{4CFEFC3E-1D9A-4412-8C4A-288EF611DDAE}.Release|Any CPU.ActiveCfg = Release|Any CPU
		{4CFEFC3E-1D9A-4412-8C4A-288EF611DDAE}.Release|Any CPU.Build.0 = Release|Any CPU
		{4CFEFC3E-1D9A-4412-8C4A-288EF611DDAE}.Release|Any CPU.Deploy.0 = Release|Any CPU
		{4CFEFC3E-1D9A-4412-8C4A-288EF611DDAE}.Release|ARM.ActiveCfg = Release|ARM
		{4CFEFC3E-1D9A-4412-8C4A-288EF611DDAE}.Release|ARM.Build.0 = Release|ARM
		{4CFEFC3E-1D9A-4412-8C4A-288EF611DDAE}.Release|ARM.Deploy.0 = Release|ARM
		{4CFEFC3E-1D9A-4412-8C4A-288EF611DDAE}.Release|ARM64.ActiveCfg = Release|ARM64
		{4CFEFC3E-1D9A-4412-8C4A-288EF611DDAE}.Release|ARM64.Build.0 = Release|ARM64
		{4CFEFC3E-1D9A-4412-8C4A-288EF611DDAE}.Release|ARM64.Deploy.0 = Release|ARM64
		{4CFEFC3E-1D9A-4412-8C4A-288EF611DDAE}.Release|x64.ActiveCfg = Release|x64
		{4CFEFC3E-1D9A-4412-8C4A-288EF611DDAE}.Release|x64.Build.0 = Release|x64
		{4CFEFC3E-1D9A-4412-8C4A-288EF611DDAE}.Release|x64.Deploy.0 = Release|x64
		{4CFEFC3E-1D9A-4412-8C4A-288EF611DDAE}.Release|x86.ActiveCfg = Release|x86
		{4CFEFC3E-1D9A-4412-8C4A-288EF611DDAE}.Release|x86.Build.0 = Release|x86
		{4CFEFC3E-1D9A-4412-8C4A-288EF611DDAE}.Release|x86.Deploy.0 = Release|x86
	EndGlobalSection
	GlobalSection(SolutionProperties) = preSolution
		HideSolutionNode = FALSE
	EndGlobalSection
	GlobalSection(ExtensibilityGlobals) = postSolution
		SolutionGuid = {BCE16342-83D2-407D-A621-18132F71E17D}
	EndGlobalSection
EndGlobal
